
Microsoft Visual Studio Solution File, Format Version 12.00
# Visual Studio Version 17
VisualStudioVersion = 17.14.36203.30 d17.14
MinimumVisualStudioVersion = 10.0.40219.1
Project("{FAE04EC0-301F-11D3-BF4B-00C04F79EFBC}") = "DurableEntityTest", "DurableEntityTest.csproj", "{BAB72681-D1F9-4A34-B09E-CB99497FFEC8}"
EndProject
Global
	GlobalSection(SolutionConfigurationPlatforms) = preSolution
		Debug|Any CPU = Debug|Any CPU
		Release|Any CPU = Release|Any CPU
	EndGlobalSection
	GlobalSection(ProjectConfigurationPlatforms) = postSolution
		{BAB72681-D1F9-4A34-B09E-CB99497FFEC8}.Debug|Any CPU.ActiveCfg = Debug|Any CPU
		{BAB72681-D1F9-4A34-B09E-CB99497FFEC8}.Debug|Any CPU.Build.0 = Debug|Any CPU
		{BAB72681-D1F9-4A34-B09E-CB99497FFEC8}.Release|Any CPU.ActiveCfg = Release|Any CPU
		{BAB72681-D1F9-4A34-B09E-CB99497FFEC8}.Release|Any CPU.Build.0 = Release|Any CPU
	EndGlobalSection
	GlobalSection(SolutionProperties) = preSolution
		HideSolutionNode = FALSE
	EndGlobalSection
	GlobalSection(ExtensibilityGlobals) = postSolution
		SolutionGuid = {06DF9BE4-10AA-49A6-B552-9A914AD62E5D}
	EndGlobalSection
EndGlobal
